
Microsoft Visual Studio Solution File, Format Version 12.00
# Visual Studio Version 16
VisualStudioVersion = 16.0.29009.5
MinimumVisualStudioVersion = 10.0.40219.1
Project("{FAE04EC0-301F-11D3-BF4B-00C04F79EFBC}") = "MVVM_Trial", "MVVM_Trial\MVVM_Trial.csproj", "{91CA26DA-FCCC-4B17-B117-1CFE7D174AB5}"
EndProject
Global
	GlobalSection(SolutionConfigurationPlatforms) = preSolution
		Debug|Any CPU = Debug|Any CPU
		Release|Any CPU = Release|Any CPU
	EndGlobalSection
	GlobalSection(ProjectConfigurationPlatforms) = postSolution
		{91CA26DA-FCCC-4B17-B117-1CFE7D174AB5}.Debug|Any CPU.ActiveCfg = Debug|Any CPU
		{91CA26DA-FCCC-4B17-B117-1CFE7D174AB5}.Debug|Any CPU.Build.0 = Debug|Any CPU
		{91CA26DA-FCCC-4B17-B117-1CFE7D174AB5}.Release|Any CPU.ActiveCfg = Release|Any CPU
		{91CA26DA-FCCC-4B17-B117-1CFE7D174AB5}.Release|Any CPU.Build.0 = Release|Any CPU
	EndGlobalSection
	GlobalSection(SolutionProperties) = preSolution
		HideSolutionNode = FALSE
	EndGlobalSection
	GlobalSection(ExtensibilityGlobals) = postSolution
		SolutionGuid = {12B478B6-6AC1-464A-8C9B-42BFBEB73DC5}
	EndGlobalSection
EndGlobal
